
Microsoft Visual Studio Solution File, Format Version 12.00
# Visual Studio Version 17
VisualStudioVersion = 17.0.31903.59
MinimumVisualStudioVersion = 10.0.40219.1
Project("{FAE04EC0-301F-11D3-BF4B-00C04F79EFBC}") = "Pigeon.AzureServiceBus", "src/Pigeon.AzureServiceBus/Pigeon.AzureServiceBus.csproj", "{0920EE72-1F4E-49F6-A191-B9434DF76C25}"
EndProject
Project("{FAE04EC0-301F-11D3-BF4B-00C04F79EFBC}") = "Pigeon", "src/Pigeon/Pigeon.csproj", "{3E3E668E-726B-4556-A367-2C501C5C6290}"
EndProject
Project("{FAE04EC0-301F-11D3-BF4B-00C04F79EFBC}") = "Pigeon.EntityFrameworkCore", "src/Pigeon.EntityFrameworkCore/Pigeon.EntityFrameworkCore.csproj", "{BD1BB54E-7488-4776-AF07-AE25ACD5825C}"
EndProject
Project("{FAE04EC0-301F-11D3-BF4B-00C04F79EFBC}") = "Pigeon.Tests", "tests/Pigeon.Tests/Pigeon.Tests.csproj", "{65D0F32A-E6DA-45E3-AA15-266E137C9A9B}"
EndProject
Project("{FAE04EC0-301F-11D3-BF4B-00C04F79EFBC}") = "Pigeon.IntegrationTests", "tests/Pigeon.IntegrationTests/Pigeon.IntegrationTests.csproj", "{21C8719A-AA2D-4419-A6E3-53AB634E3C93}"
EndProject
Project("{2150E333-8FDC-42A3-9474-1A3956D46DE8}") = "Solution Items", "Solution Items", "{1C246D6A-531F-4289-9765-876ECFE7007A}"
	ProjectSection(SolutionItems) = preProject
		LICENSE = LICENSE
		README.md = README.md
	EndProjectSection
EndProject
Global
	GlobalSection(SolutionConfigurationPlatforms) = preSolution
		Debug|Any CPU = Debug|Any CPU
		Release|Any CPU = Release|Any CPU
	EndGlobalSection
	GlobalSection(SolutionProperties) = preSolution
		HideSolutionNode = FALSE
	EndGlobalSection
	GlobalSection(ProjectConfigurationPlatforms) = postSolution
		{0920EE72-1F4E-49F6-A191-B9434DF76C25}.Debug|Any CPU.ActiveCfg = Debug|Any CPU
		{0920EE72-1F4E-49F6-A191-B9434DF76C25}.Debug|Any CPU.Build.0 = Debug|Any CPU
		{0920EE72-1F4E-49F6-A191-B9434DF76C25}.Release|Any CPU.ActiveCfg = Release|Any CPU
		{0920EE72-1F4E-49F6-A191-B9434DF76C25}.Release|Any CPU.Build.0 = Release|Any CPU
		{3E3E668E-726B-4556-A367-2C501C5C6290}.Debug|Any CPU.ActiveCfg = Debug|Any CPU
		{3E3E668E-726B-4556-A367-2C501C5C6290}.Debug|Any CPU.Build.0 = Debug|Any CPU
		{3E3E668E-726B-4556-A367-2C501C5C6290}.Release|Any CPU.ActiveCfg = Release|Any CPU
		{3E3E668E-726B-4556-A367-2C501C5C6290}.Release|Any CPU.Build.0 = Release|Any CPU
		{BD1BB54E-7488-4776-AF07-AE25ACD5825C}.Debug|Any CPU.ActiveCfg = Debug|Any CPU
		{BD1BB54E-7488-4776-AF07-AE25ACD5825C}.Debug|Any CPU.Build.0 = Debug|Any CPU
		{BD1BB54E-7488-4776-AF07-AE25ACD5825C}.Release|Any CPU.ActiveCfg = Release|Any CPU
		{BD1BB54E-7488-4776-AF07-AE25ACD5825C}.Release|Any CPU.Build.0 = Release|Any CPU
		{65D0F32A-E6DA-45E3-AA15-266E137C9A9B}.Debug|Any CPU.ActiveCfg = Debug|Any CPU
		{65D0F32A-E6DA-45E3-AA15-266E137C9A9B}.Debug|Any CPU.Build.0 = Debug|Any CPU
		{65D0F32A-E6DA-45E3-AA15-266E137C9A9B}.Release|Any CPU.ActiveCfg = Release|Any CPU
		{65D0F32A-E6DA-45E3-AA15-266E137C9A9B}.Release|Any CPU.Build.0 = Release|Any CPU
		{21C8719A-AA2D-4419-A6E3-53AB634E3C93}.Debug|Any CPU.ActiveCfg = Debug|Any CPU
		{21C8719A-AA2D-4419-A6E3-53AB634E3C93}.Debug|Any CPU.Build.0 = Debug|Any CPU
		{21C8719A-AA2D-4419-A6E3-53AB634E3C93}.Release|Any CPU.ActiveCfg = Release|Any CPU
		{21C8719A-AA2D-4419-A6E3-53AB634E3C93}.Release|Any CPU.Build.0 = Release|Any CPU
	EndGlobalSection
EndGlobal
